{
  "version": 4,
  "terraform_version": "0.12.24",
  "serial": 67,
  "lineage": "9d4ece02-4ec5-aa6b-8504-3807441d74ce",
  "outputs": {},
  "resources": [
    {
      "module": "module.gke_cluster",
      "mode": "data",
      "type": "google_client_config",
      "name": "default",
      "provider": "provider.google",
      "instances": [
        {
          "schema_version": 0,
          "attributes": {
            "access_token": "ya29.a0AfH6SMCDHzrkOUSQL_eM68ESsKKIjpHaZ3qKWAL1E2-HNan6Xt5_ng_p96cxKOev2rlu7kHrHhphesJYA9S47zwLcID7xR_hyQnlmIv1Ao7452ZuZqbofeJzE1q1dFboNLWHxE_27FOYVBBX89JUEcOs8lrIEpW234_YV3iIJcKu9_iB23Z6Tgsb5k5cnTJUixAyEG4quoucTWLjn8xNp_YfMQe_yicdjtWZts9S-2qZUqUx9HPf6h0kzlQLxrZXgfPfXA",
            "id": "projects/flowing-elf-306402/regions/us-west2/zones/",
            "project": "flowing-elf-306402",
            "region": "us-west2",
            "zone": ""
          }
        }
      ]
    },
    {
      "mode": "data",
      "type": "google_client_config",
      "name": "default",
      "provider": "provider.google",
      "instances": [
        {
          "schema_version": 0,
          "attributes": {
            "access_token": "ya29.a0AfH6SMCDHzrkOUSQL_eM68ESsKKIjpHaZ3qKWAL1E2-HNan6Xt5_ng_p96cxKOev2rlu7kHrHhphesJYA9S47zwLcID7xR_hyQnlmIv1Ao7452ZuZqbofeJzE1q1dFboNLWHxE_27FOYVBBX89JUEcOs8lrIEpW234_YV3iIJcKu9_iB23Z6Tgsb5k5cnTJUixAyEG4quoucTWLjn8xNp_YfMQe_yicdjtWZts9S-2qZUqUx9HPf6h0kzlQLxrZXgfPfXA",
            "id": "projects/flowing-elf-306402/regions/us-west2/zones/",
            "project": "flowing-elf-306402",
            "region": "us-west2",
            "zone": ""
          }
        }
      ]
    },
    {
      "module": "module.gke_cluster",
      "mode": "data",
      "type": "google_compute_subnetwork",
      "name": "gke_subnetwork",
      "each": "list",
      "provider": "provider.google",
      "instances": []
    },
    {
      "module": "module.gke_cluster",
      "mode": "data",
      "type": "google_compute_zones",
      "name": "available",
      "provider": "provider.google",
      "instances": [
        {
          "schema_version": 0,
          "attributes": {
            "id": "projects/flowing-elf-306402/regions/us-west2",
            "names": [
              "us-west2-a",
              "us-west2-b",
              "us-west2-c"
            ],
            "project": "flowing-elf-306402",
            "region": "us-west2",
            "status": null
          }
        }
      ]
    },
    {
      "module": "module.gke_cluster",
      "mode": "data",
      "type": "google_container_engine_versions",
      "name": "region",
      "provider": "provider.google",
      "instances": [
        {
          "schema_version": 0,
          "attributes": {
            "default_cluster_version": "1.17.17-gke.2800",
            "id": "2021-03-31 01:34:09.684902632 +0000 UTC",
            "latest_master_version": "1.18.16-gke.2100",
            "latest_node_version": "1.18.16-gke.2100",
            "location": "us-west2",
            "project": "flowing-elf-306402",
            "release_channel_default_version": {
              "RAPID": "1.19.8-gke.1600",
              "REGULAR": "1.18.16-gke.302",
              "STABLE": "1.17.17-gke.2800"
            },
            "valid_master_versions": [
              "1.18.16-gke.2100",
              "1.18.16-gke.1201",
              "1.18.16-gke.502",
              "1.18.16-gke.302",
              "1.18.16-gke.300",
              "1.18.15-gke.1502",
              "1.18.15-gke.1501",
              "1.17.17-gke.4400",
              "1.17.17-gke.3700",
              "1.17.17-gke.3000",
              "1.17.17-gke.2800",
              "1.17.17-gke.1500",
              "1.17.17-gke.1101",
              "1.16.15-gke.12500"
            ],
            "valid_node_versions": [
              "1.18.16-gke.2100",
              "1.18.16-gke.1201",
              "1.18.16-gke.1200",
              "1.18.16-gke.502",
              "1.18.16-gke.500",
              "1.18.16-gke.302",
              "1.18.16-gke.300",
              "1.18.15-gke.2500",
              "1.18.15-gke.1502",
              "1.18.15-gke.1501",
              "1.18.15-gke.1500",
              "1.18.15-gke.1102",
              "1.18.15-gke.1100",
              "1.18.15-gke.800",
              "1.18.14-gke.1600",
              "1.18.14-gke.1200",
              "1.18.12-gke.1210",
              "1.18.12-gke.1206",
              "1.18.12-gke.1205",
              "1.18.12-gke.1201",
              "1.18.12-gke.1200",
              "1.18.12-gke.300",
              "1.18.10-gke.2701",
              "1.18.10-gke.2101",
              "1.18.10-gke.1500",
              "1.18.10-gke.601",
              "1.18.9-gke.2501",
              "1.18.9-gke.1501",
              "1.18.9-gke.801",
              "1.18.6-gke.4801",
              "1.18.6-gke.3504",
              "1.18.6-gke.3503",
              "1.17.17-gke.4400",
              "1.17.17-gke.3700",
              "1.17.17-gke.3000",
              "1.17.17-gke.2800",
              "1.17.17-gke.2500",
              "1.17.17-gke.1500",
              "1.17.17-gke.1101",
              "1.17.17-gke.1100",
              "1.17.17-gke.600",
              "1.17.16-gke.1600",
              "1.17.16-gke.1300",
              "1.17.15-gke.800",
              "1.17.15-gke.300",
              "1.17.14-gke.1600",
              "1.17.14-gke.1200",
              "1.17.14-gke.400",
              "1.17.13-gke.2600",
              "1.17.13-gke.2001",
              "1.17.13-gke.1401",
              "1.17.13-gke.1400",
              "1.17.13-gke.600",
              "1.17.12-gke.2502",
              "1.17.12-gke.1504",
              "1.17.12-gke.1501",
              "1.17.12-gke.500",
              "1.17.9-gke.6300",
              "1.17.9-gke.1504",
              "1.16.15-gke.12500",
              "1.16.15-gke.11800",
              "1.16.15-gke.10600",
              "1.16.15-gke.7801",
              "1.16.15-gke.7800",
              "1.16.15-gke.7300",
              "1.16.15-gke.6900",
              "1.16.15-gke.6000",
              "1.16.15-gke.5500",
              "1.16.15-gke.4901",
              "1.16.15-gke.4301",
              "1.16.15-gke.4300",
              "1.16.15-gke.3500",
              "1.16.15-gke.2601",
              "1.16.15-gke.1600",
              "1.16.15-gke.500",
              "1.16.13-gke.404",
              "1.16.13-gke.403",
              "1.16.13-gke.401",
              "1.16.13-gke.400",
              "1.16.13-gke.1",
              "1.16.11-gke.5",
              "1.16.10-gke.8",
              "1.16.9-gke.6",
              "1.16.9-gke.2",
              "1.16.8-gke.15",
              "1.16.8-gke.12",
              "1.16.8-gke.9",
              "1.15.12-gke.6002",
              "1.15.12-gke.6001",
              "1.15.12-gke.5000",
              "1.15.12-gke.4002",
              "1.15.12-gke.4000",
              "1.15.12-gke.20",
              "1.15.12-gke.17",
              "1.15.12-gke.16",
              "1.15.12-gke.13",
              "1.15.12-gke.9",
              "1.15.12-gke.6",
              "1.15.12-gke.3",
              "1.15.12-gke.2",
              "1.15.11-gke.17",
              "1.15.11-gke.15",
              "1.15.11-gke.13",
              "1.15.11-gke.12",
              "1.15.11-gke.11",
              "1.15.11-gke.9",
              "1.15.11-gke.5",
              "1.15.11-gke.3",
              "1.15.11-gke.1",
              "1.15.9-gke.26",
              "1.15.9-gke.24",
              "1.15.9-gke.22",
              "1.15.9-gke.12",
              "1.15.9-gke.9",
              "1.15.9-gke.8",
              "1.15.8-gke.3",
              "1.15.8-gke.2",
              "1.15.7-gke.23",
              "1.15.7-gke.2",
              "1.15.4-gke.22",
              "1.14.10-gke.1504",
              "1.14.10-gke.902",
              "1.14.10-gke.50",
              "1.14.10-gke.46",
              "1.14.10-gke.45",
              "1.14.10-gke.42",
              "1.14.10-gke.41",
              "1.14.10-gke.40",
              "1.14.10-gke.37",
              "1.14.10-gke.36",
              "1.14.10-gke.34",
              "1.14.10-gke.32",
              "1.14.10-gke.31",
              "1.14.10-gke.27",
              "1.14.10-gke.24",
              "1.14.10-gke.22",
              "1.14.10-gke.21",
              "1.14.10-gke.17",
              "1.14.10-gke.0",
              "1.14.9-gke.23",
              "1.14.9-gke.2",
              "1.14.9-gke.0",
              "1.14.8-gke.33",
              "1.14.8-gke.21",
              "1.14.8-gke.18",
              "1.14.8-gke.17",
              "1.14.8-gke.14",
              "1.14.8-gke.12",
              "1.14.8-gke.7",
              "1.14.8-gke.2",
              "1.14.7-gke.40",
              "1.14.7-gke.25",
              "1.14.7-gke.23",
              "1.14.7-gke.17",
              "1.14.7-gke.14",
              "1.14.7-gke.10",
              "1.14.6-gke.13",
              "1.14.6-gke.2",
              "1.14.6-gke.1",
              "1.14.3-gke.11",
              "1.14.3-gke.10",
              "1.14.3-gke.9",
              "1.14.2-gke.9",
              "1.14.1-gke.5",
              "1.13.12-gke.30",
              "1.13.12-gke.25",
              "1.13.12-gke.17",
              "1.13.12-gke.16",
              "1.13.12-gke.14",
              "1.13.12-gke.13",
              "1.13.12-gke.10",
              "1.13.12-gke.8",
              "1.13.12-gke.4",
              "1.13.12-gke.2",
              "1.13.11-gke.23",
              "1.13.11-gke.15",
              "1.13.11-gke.14",
              "1.13.11-gke.12",
              "1.13.11-gke.11",
              "1.13.11-gke.9",
              "1.13.11-gke.5",
              "1.13.10-gke.7",
              "1.13.10-gke.0",
              "1.13.9-gke.11",
              "1.13.9-gke.3",
              "1.13.7-gke.24",
              "1.13.7-gke.19",
              "1.13.7-gke.15",
              "1.13.7-gke.8",
              "1.13.7-gke.0",
              "1.13.6-gke.13",
              "1.13.6-gke.6",
              "1.13.6-gke.5",
              "1.13.6-gke.0",
              "1.13.5-gke.10",
              "1.12.10-gke.22",
              "1.12.10-gke.20",
              "1.12.10-gke.19",
              "1.12.10-gke.18",
              "1.12.10-gke.17",
              "1.12.10-gke.15",
              "1.12.10-gke.13",
              "1.12.10-gke.11",
              "1.12.10-gke.5",
              "1.12.9-gke.16",
              "1.12.9-gke.15",
              "1.12.9-gke.13",
              "1.12.9-gke.10",
              "1.12.9-gke.7",
              "1.12.9-gke.3",
              "1.12.8-gke.12",
              "1.12.8-gke.10",
              "1.12.8-gke.7",
              "1.12.8-gke.6",
              "1.12.7-gke.26",
              "1.12.7-gke.25",
              "1.12.7-gke.24",
              "1.12.7-gke.22",
              "1.12.7-gke.21",
              "1.12.7-gke.17",
              "1.12.7-gke.10",
              "1.12.7-gke.7",
              "1.12.6-gke.11",
              "1.12.6-gke.10",
              "1.12.6-gke.7",
              "1.12.5-gke.10",
              "1.12.5-gke.5",
              "1.11.10-gke.6",
              "1.11.10-gke.5"
            ],
            "version_prefix": null
          }
        }
      ]
    },
    {
      "module": "module.gke_cluster",
      "mode": "data",
      "type": "google_container_engine_versions",
      "name": "zone",
      "provider": "provider.google",
      "instances": [
        {
          "schema_version": 0,
          "attributes": {
            "default_cluster_version": "1.17.17-gke.2800",
            "id": "2021-03-31 01:34:09.854961456 +0000 UTC",
            "latest_master_version": "1.18.16-gke.2100",
            "latest_node_version": "1.18.16-gke.2100",
            "location": "us-west2-a",
            "project": "flowing-elf-306402",
            "release_channel_default_version": {
              "RAPID": "1.19.8-gke.1600",
              "REGULAR": "1.18.16-gke.302",
              "STABLE": "1.17.17-gke.2800"
            },
            "valid_master_versions": [
              "1.18.16-gke.2100",
              "1.18.16-gke.1201",
              "1.18.16-gke.502",
              "1.18.16-gke.302",
              "1.18.16-gke.300",
              "1.18.15-gke.1502",
              "1.18.15-gke.1501",
              "1.17.17-gke.4400",
              "1.17.17-gke.3700",
              "1.17.17-gke.3000",
              "1.17.17-gke.2800",
              "1.17.17-gke.1500",
              "1.17.17-gke.1101",
              "1.16.15-gke.12500"
            ],
            "valid_node_versions": [
              "1.18.16-gke.2100",
              "1.18.16-gke.1201",
              "1.18.16-gke.1200",
              "1.18.16-gke.502",
              "1.18.16-gke.500",
              "1.18.16-gke.302",
              "1.18.16-gke.300",
              "1.18.15-gke.2500",
              "1.18.15-gke.1502",
              "1.18.15-gke.1501",
              "1.18.15-gke.1500",
              "1.18.15-gke.1102",
              "1.18.15-gke.1100",
              "1.18.15-gke.800",
              "1.18.14-gke.1600",
              "1.18.14-gke.1200",
              "1.18.12-gke.1210",
              "1.18.12-gke.1206",
              "1.18.12-gke.1205",
              "1.18.12-gke.1201",
              "1.18.12-gke.1200",
              "1.18.12-gke.300",
              "1.18.10-gke.2701",
              "1.18.10-gke.2101",
              "1.18.10-gke.1500",
              "1.18.10-gke.601",
              "1.18.9-gke.2501",
              "1.18.9-gke.1501",
              "1.18.9-gke.801",
              "1.18.6-gke.4801",
              "1.18.6-gke.3504",
              "1.18.6-gke.3503",
              "1.17.17-gke.4400",
              "1.17.17-gke.3700",
              "1.17.17-gke.3000",
              "1.17.17-gke.2800",
              "1.17.17-gke.2500",
              "1.17.17-gke.1500",
              "1.17.17-gke.1101",
              "1.17.17-gke.1100",
              "1.17.17-gke.600",
              "1.17.16-gke.1600",
              "1.17.16-gke.1300",
              "1.17.15-gke.800",
              "1.17.15-gke.300",
              "1.17.14-gke.1600",
              "1.17.14-gke.1200",
              "1.17.14-gke.400",
              "1.17.13-gke.2600",
              "1.17.13-gke.2001",
              "1.17.13-gke.1401",
              "1.17.13-gke.1400",
              "1.17.13-gke.600",
              "1.17.12-gke.2502",
              "1.17.12-gke.1504",
              "1.17.12-gke.1501",
              "1.17.12-gke.500",
              "1.17.9-gke.6300",
              "1.17.9-gke.1504",
              "1.16.15-gke.12500",
              "1.16.15-gke.11800",
              "1.16.15-gke.10600",
              "1.16.15-gke.7801",
              "1.16.15-gke.7800",
              "1.16.15-gke.7300",
              "1.16.15-gke.6900",
              "1.16.15-gke.6000",
              "1.16.15-gke.5500",
              "1.16.15-gke.4901",
              "1.16.15-gke.4301",
              "1.16.15-gke.4300",
              "1.16.15-gke.3500",
              "1.16.15-gke.2601",
              "1.16.15-gke.1600",
              "1.16.15-gke.500",
              "1.16.13-gke.404",
              "1.16.13-gke.403",
              "1.16.13-gke.401",
              "1.16.13-gke.400",
              "1.16.13-gke.1",
              "1.16.11-gke.5",
              "1.16.10-gke.8",
              "1.16.9-gke.6",
              "1.16.9-gke.2",
              "1.16.8-gke.15",
              "1.16.8-gke.12",
              "1.16.8-gke.9",
              "1.15.12-gke.6002",
              "1.15.12-gke.6001",
              "1.15.12-gke.5000",
              "1.15.12-gke.4002",
              "1.15.12-gke.4000",
              "1.15.12-gke.20",
              "1.15.12-gke.17",
              "1.15.12-gke.16",
              "1.15.12-gke.13",
              "1.15.12-gke.9",
              "1.15.12-gke.6",
              "1.15.12-gke.3",
              "1.15.12-gke.2",
              "1.15.11-gke.17",
              "1.15.11-gke.15",
              "1.15.11-gke.13",
              "1.15.11-gke.12",
              "1.15.11-gke.11",
              "1.15.11-gke.9",
              "1.15.11-gke.5",
              "1.15.11-gke.3",
              "1.15.11-gke.1",
              "1.15.9-gke.26",
              "1.15.9-gke.24",
              "1.15.9-gke.22",
              "1.15.9-gke.12",
              "1.15.9-gke.9",
              "1.15.9-gke.8",
              "1.15.8-gke.3",
              "1.15.8-gke.2",
              "1.15.7-gke.23",
              "1.15.7-gke.2",
              "1.15.4-gke.22",
              "1.14.10-gke.1504",
              "1.14.10-gke.902",
              "1.14.10-gke.50",
              "1.14.10-gke.46",
              "1.14.10-gke.45",
              "1.14.10-gke.42",
              "1.14.10-gke.41",
              "1.14.10-gke.40",
              "1.14.10-gke.37",
              "1.14.10-gke.36",
              "1.14.10-gke.34",
              "1.14.10-gke.32",
              "1.14.10-gke.31",
              "1.14.10-gke.27",
              "1.14.10-gke.24",
              "1.14.10-gke.22",
              "1.14.10-gke.21",
              "1.14.10-gke.17",
              "1.14.10-gke.0",
              "1.14.9-gke.23",
              "1.14.9-gke.2",
              "1.14.9-gke.0",
              "1.14.8-gke.33",
              "1.14.8-gke.21",
              "1.14.8-gke.18",
              "1.14.8-gke.17",
              "1.14.8-gke.14",
              "1.14.8-gke.12",
              "1.14.8-gke.7",
              "1.14.8-gke.2",
              "1.14.7-gke.40",
              "1.14.7-gke.25",
              "1.14.7-gke.23",
              "1.14.7-gke.17",
              "1.14.7-gke.14",
              "1.14.7-gke.10",
              "1.14.6-gke.13",
              "1.14.6-gke.2",
              "1.14.6-gke.1",
              "1.14.3-gke.11",
              "1.14.3-gke.10",
              "1.14.3-gke.9",
              "1.14.2-gke.9",
              "1.14.1-gke.5",
              "1.13.12-gke.30",
              "1.13.12-gke.25",
              "1.13.12-gke.17",
              "1.13.12-gke.16",
              "1.13.12-gke.14",
              "1.13.12-gke.13",
              "1.13.12-gke.10",
              "1.13.12-gke.8",
              "1.13.12-gke.4",
              "1.13.12-gke.2",
              "1.13.11-gke.23",
              "1.13.11-gke.15",
              "1.13.11-gke.14",
              "1.13.11-gke.12",
              "1.13.11-gke.11",
              "1.13.11-gke.9",
              "1.13.11-gke.5",
              "1.13.10-gke.7",
              "1.13.10-gke.0",
              "1.13.9-gke.11",
              "1.13.9-gke.3",
              "1.13.7-gke.24",
              "1.13.7-gke.19",
              "1.13.7-gke.15",
              "1.13.7-gke.8",
              "1.13.7-gke.0",
              "1.13.6-gke.13",
              "1.13.6-gke.6",
              "1.13.6-gke.5",
              "1.13.6-gke.0",
              "1.13.5-gke.10",
              "1.12.10-gke.22",
              "1.12.10-gke.20",
              "1.12.10-gke.19",
              "1.12.10-gke.18",
              "1.12.10-gke.17",
              "1.12.10-gke.15",
              "1.12.10-gke.13",
              "1.12.10-gke.11",
              "1.12.10-gke.5",
              "1.12.9-gke.16",
              "1.12.9-gke.15",
              "1.12.9-gke.13",
              "1.12.9-gke.10",
              "1.12.9-gke.7",
              "1.12.9-gke.3",
              "1.12.8-gke.12",
              "1.12.8-gke.10",
              "1.12.8-gke.7",
              "1.12.8-gke.6",
              "1.12.7-gke.26",
              "1.12.7-gke.25",
              "1.12.7-gke.24",
              "1.12.7-gke.22",
              "1.12.7-gke.21",
              "1.12.7-gke.17",
              "1.12.7-gke.10",
              "1.12.7-gke.7",
              "1.12.6-gke.11",
              "1.12.6-gke.10",
              "1.12.6-gke.7",
              "1.12.5-gke.10",
              "1.12.5-gke.5",
              "1.11.10-gke.6",
              "1.11.10-gke.5"
            ],
            "version_prefix": null
          }
        }
      ]
    },
    {
      "mode": "data",
      "type": "http",
      "name": "icanhazip",
      "provider": "provider.http",
      "instances": [
        {
          "schema_version": 0,
          "attributes": {
            "body": "130.211.196.230\n",
            "id": "2021-03-31 01:34:09.5527777 +0000 UTC",
            "request_headers": null,
            "response_headers": {
              "Access-Control-Allow-Methods": "GET",
              "Access-Control-Allow-Origin": "*",
              "Alt-Svc": "h3-27=\":443\"; ma=86400, h3-28=\":443\"; ma=86400, h3-29=\":443\"; ma=86400",
              "Cf-Ray": "6385d56d9beb3f5b-ORD",
              "Cf-Request-Id": "092783b88000003f5b4625c000000001",
              "Content-Length": "16",
              "Content-Type": "text/plain",
              "Date": "Wed, 31 Mar 2021 01:34:09 GMT",
              "Expect-Ct": "max-age=604800, report-uri=\"https://report-uri.cloudflare.com/cdn-cgi/beacon/expect-ct\"",
              "Server": "cloudflare",
              "Set-Cookie": "__cfduid=d0eb243b67ca88429b7a39e7c32278a1a1617154449; expires=Fri, 30-Apr-21 01:34:09 GMT; path=/; domain=.icanhazip.com; HttpOnly; SameSite=Lax",
              "Vary": "Accept-Encoding",
              "X-Otter": "🦦",
              "X-Rtfm": "Learn about this site at http://bit.ly/icanhazip-faq",
              "X-Thank-You": "Many thanks to the fine people at Cloudflare for keeping this site afloat!"
            },
            "url": "https://icanhazip.com/"
          }
        }
      ]
    },
    {
      "module": "module.gke_cluster",
      "mode": "managed",
      "type": "google_compute_firewall",
      "name": "intra_egress",
      "each": "list",
      "provider": "provider.google",
      "instances": []
    },
    {
      "module": "module.gke_cluster",
      "mode": "managed",
      "type": "google_compute_firewall",
      "name": "master_webhooks",
      "each": "list",
      "provider": "provider.google",
      "instances": []
    },
    {
      "module": "module.gke_network.module.vpc",
      "mode": "managed",
      "type": "google_compute_network",
      "name": "network",
      "provider": "provider.google",
      "instances": [
        {
          "schema_version": 0,
          "attributes": {
            "auto_create_subnetworks": false,
            "delete_default_routes_on_create": false,
            "description": "",
            "gateway_ipv4": "",
            "id": "projects/flowing-elf-306402/global/networks/gke-demo",
            "mtu": 0,
            "name": "gke-demo",
            "project": "flowing-elf-306402",
            "routing_mode": "GLOBAL",
            "self_link": "https://www.googleapis.com/compute/v1/projects/flowing-elf-306402/global/networks/gke-demo",
            "timeouts": null
          },
          "private": "eyJlMmJmYjczMC1lY2FhLTExZTYtOGY4OC0zNDM2M2JjN2M0YzAiOnsiY3JlYXRlIjoyNDAwMDAwMDAwMDAsImRlbGV0ZSI6MjQwMDAwMDAwMDAwLCJ1cGRhdGUiOjI0MDAwMDAwMDAwMH19"
        }
      ]
    },
    {
      "module": "module.gke_network.module.routes",
      "mode": "managed",
      "type": "google_compute_route",
      "name": "route",
      "each": "map",
      "provider": "provider.google",
      "instances": []
    },
    {
      "module": "module.gke_network.module.vpc",
      "mode": "managed",
      "type": "google_compute_shared_vpc_host_project",
      "name": "shared_vpc_host",
      "each": "list",
      "provider": "provider.google",
      "instances": []
    },
    {
      "module": "module.gke_network.module.subnets",
      "mode": "managed",
      "type": "google_compute_subnetwork",
      "name": "subnetwork",
      "each": "map",
      "provider": "provider.google",
      "instances": []
    },
    {
      "module": "module.gke_cluster",
      "mode": "managed",
      "type": "google_container_cluster",
      "name": "primary",
      "provider": "provider.google",
      "instances": []
    },
    {
      "module": "module.gke_cluster",
      "mode": "managed",
      "type": "google_container_node_pool",
      "name": "pools",
      "each": "map",
      "provider": "provider.google",
      "instances": []
    },
    {
      "module": "module.gke_cluster",
      "mode": "managed",
      "type": "google_project_iam_member",
      "name": "cluster_service_account-gcr",
      "each": "list",
      "provider": "provider.google",
      "instances": [
        {
          "index_key": 0,
          "schema_version": 0,
          "attributes": {
            "condition": [],
            "etag": "BwW+yxz7t1U=",
            "id": "flowing-elf-306402/roles/storage.objectViewer/serviceaccount:tf-gke-flowing-elf-306-ephm@flowing-elf-306402.iam.gserviceaccount.com",
            "member": "serviceAccount:tf-gke-flowing-elf-306-ephm@flowing-elf-306402.iam.gserviceaccount.com",
            "project": "flowing-elf-306402",
            "role": "roles/storage.objectViewer"
          },
          "private": "bnVsbA==",
          "dependencies": [
            "module.gke_cluster.google_service_account.cluster_service_account",
            "module.gke_cluster.random_string.cluster_service_account_suffix"
          ]
        }
      ]
    },
    {
      "module": "module.gke_cluster",
      "mode": "managed",
      "type": "google_project_iam_member",
      "name": "cluster_service_account-log_writer",
      "each": "list",
      "provider": "provider.google",
      "instances": [
        {
          "index_key": 0,
          "schema_version": 0,
          "attributes": {
            "condition": [],
            "etag": "BwW+yxz7t1U=",
            "id": "flowing-elf-306402/roles/logging.logWriter/serviceaccount:tf-gke-flowing-elf-306-ephm@flowing-elf-306402.iam.gserviceaccount.com",
            "member": "serviceAccount:tf-gke-flowing-elf-306-ephm@flowing-elf-306402.iam.gserviceaccount.com",
            "project": "flowing-elf-306402",
            "role": "roles/logging.logWriter"
          },
          "private": "bnVsbA==",
          "dependencies": [
            "module.gke_cluster.google_service_account.cluster_service_account",
            "module.gke_cluster.random_string.cluster_service_account_suffix"
          ]
        }
      ]
    },
    {
      "module": "module.gke_cluster",
      "mode": "managed",
      "type": "google_project_iam_member",
      "name": "cluster_service_account-metric_writer",
      "each": "list",
      "provider": "provider.google",
      "instances": [
        {
          "index_key": 0,
          "schema_version": 0,
          "attributes": {
            "condition": [],
            "etag": "BwW+yx1pGe0=",
            "id": "flowing-elf-306402/roles/monitoring.metricWriter/serviceaccount:tf-gke-flowing-elf-306-ephm@flowing-elf-306402.iam.gserviceaccount.com",
            "member": "serviceAccount:tf-gke-flowing-elf-306-ephm@flowing-elf-306402.iam.gserviceaccount.com",
            "project": "flowing-elf-306402",
            "role": "roles/monitoring.metricWriter"
          },
          "private": "bnVsbA==",
          "dependencies": [
            "module.gke_cluster.google_project_iam_member.cluster_service_account-log_writer",
            "module.gke_cluster.google_service_account.cluster_service_account",
            "module.gke_cluster.random_string.cluster_service_account_suffix"
          ]
        }
      ]
    },
    {
      "module": "module.gke_cluster",
      "mode": "managed",
      "type": "google_project_iam_member",
      "name": "cluster_service_account-monitoring_viewer",
      "each": "list",
      "provider": "provider.google",
      "instances": []
    },
    {
      "module": "module.gke_cluster",
      "mode": "managed",
      "type": "google_project_iam_member",
      "name": "cluster_service_account-resourceMetadata-writer",
      "each": "list",
      "provider": "provider.google",
      "instances": []
    },
    {
      "module": "module.gke_cluster",
      "mode": "managed",
      "type": "google_service_account",
      "name": "cluster_service_account",
      "each": "list",
      "provider": "provider.google",
      "instances": [
        {
          "index_key": 0,
          "schema_version": 0,
          "attributes": {
            "account_id": "tf-gke-flowing-elf-306-ephm",
            "description": "",
            "display_name": "Terraform-managed service account for cluster flowing-elf-306402-cluster-us-west2",
            "email": "tf-gke-flowing-elf-306-ephm@flowing-elf-306402.iam.gserviceaccount.com",
            "id": "projects/flowing-elf-306402/serviceAccounts/tf-gke-flowing-elf-306-ephm@flowing-elf-306402.iam.gserviceaccount.com",
            "name": "projects/flowing-elf-306402/serviceAccounts/tf-gke-flowing-elf-306-ephm@flowing-elf-306402.iam.gserviceaccount.com",
            "project": "flowing-elf-306402",
            "timeouts": null,
            "unique_id": "107818985978391788695"
          },
          "private": "eyJlMmJmYjczMC1lY2FhLTExZTYtOGY4OC0zNDM2M2JjN2M0YzAiOnsiY3JlYXRlIjozMDAwMDAwMDAwMDB9fQ==",
          "dependencies": [
            "module.gke_cluster.random_string.cluster_service_account_suffix"
          ]
        }
      ]
    },
    {
      "module": "module.gke_cluster.module.gcloud_delete_default_kube_dns_configmap",
      "mode": "managed",
      "type": "null_resource",
      "name": "additional_components",
      "each": "list",
      "provider": "provider.null",
      "instances": []
    },
    {
      "module": "module.gke_cluster.module.gcloud_wait_for_cluster",
      "mode": "managed",
      "type": "null_resource",
      "name": "additional_components",
      "each": "list",
      "provider": "provider.null",
      "instances": []
    },
    {
      "module": "module.gke_cluster.module.gcloud_delete_default_kube_dns_configmap",
      "mode": "managed",
      "type": "null_resource",
      "name": "additional_components_destroy",
      "each": "list",
      "provider": "provider.null",
      "instances": []
    },
    {
      "module": "module.gke_cluster.module.gcloud_wait_for_cluster",
      "mode": "managed",
      "type": "null_resource",
      "name": "additional_components_destroy",
      "each": "list",
      "provider": "provider.null",
      "instances": []
    },
    {
      "module": "module.gke_cluster.module.gcloud_delete_default_kube_dns_configmap",
      "mode": "managed",
      "type": "null_resource",
      "name": "decompress",
      "each": "list",
      "provider": "provider.null",
      "instances": []
    },
    {
      "module": "module.gke_cluster.module.gcloud_wait_for_cluster",
      "mode": "managed",
      "type": "null_resource",
      "name": "decompress",
      "each": "list",
      "provider": "provider.null",
      "instances": []
    },
    {
      "module": "module.gke_cluster.module.gcloud_delete_default_kube_dns_configmap",
      "mode": "managed",
      "type": "null_resource",
      "name": "decompress_destroy",
      "each": "list",
      "provider": "provider.null",
      "instances": []
    },
    {
      "module": "module.gke_cluster.module.gcloud_wait_for_cluster",
      "mode": "managed",
      "type": "null_resource",
      "name": "decompress_destroy",
      "each": "list",
      "provider": "provider.null",
      "instances": []
    },
    {
      "module": "module.gke_cluster.module.gcloud_delete_default_kube_dns_configmap",
      "mode": "managed",
      "type": "null_resource",
      "name": "download_gcloud",
      "each": "list",
      "provider": "provider.null",
      "instances": []
    },
    {
      "module": "module.gke_cluster.module.gcloud_wait_for_cluster",
      "mode": "managed",
      "type": "null_resource",
      "name": "download_gcloud",
      "each": "list",
      "provider": "provider.null",
      "instances": []
    },
    {
      "module": "module.gke_cluster.module.gcloud_delete_default_kube_dns_configmap",
      "mode": "managed",
      "type": "null_resource",
      "name": "download_jq",
      "each": "list",
      "provider": "provider.null",
      "instances": []
    },
    {
      "module": "module.gke_cluster.module.gcloud_wait_for_cluster",
      "mode": "managed",
      "type": "null_resource",
      "name": "download_jq",
      "each": "list",
      "provider": "provider.null",
      "instances": []
    },
    {
      "module": "module.gke_cluster.module.gcloud_delete_default_kube_dns_configmap",
      "mode": "managed",
      "type": "null_resource",
      "name": "gcloud_auth_google_credentials",
      "each": "list",
      "provider": "provider.null",
      "instances": []
    },
    {
      "module": "module.gke_cluster.module.gcloud_wait_for_cluster",
      "mode": "managed",
      "type": "null_resource",
      "name": "gcloud_auth_google_credentials",
      "each": "list",
      "provider": "provider.null",
      "instances": []
    },
    {
      "module": "module.gke_cluster.module.gcloud_delete_default_kube_dns_configmap",
      "mode": "managed",
      "type": "null_resource",
      "name": "gcloud_auth_google_credentials_destroy",
      "each": "list",
      "provider": "provider.null",
      "instances": []
    },
    {
      "module": "module.gke_cluster.module.gcloud_wait_for_cluster",
      "mode": "managed",
      "type": "null_resource",
      "name": "gcloud_auth_google_credentials_destroy",
      "each": "list",
      "provider": "provider.null",
      "instances": []
    },
    {
      "module": "module.gke_cluster.module.gcloud_delete_default_kube_dns_configmap",
      "mode": "managed",
      "type": "null_resource",
      "name": "gcloud_auth_service_account_key_file",
      "each": "list",
      "provider": "provider.null",
      "instances": []
    },
    {
      "module": "module.gke_cluster.module.gcloud_wait_for_cluster",
      "mode": "managed",
      "type": "null_resource",
      "name": "gcloud_auth_service_account_key_file",
      "each": "list",
      "provider": "provider.null",
      "instances": []
    },
    {
      "module": "module.gke_cluster.module.gcloud_delete_default_kube_dns_configmap",
      "mode": "managed",
      "type": "null_resource",
      "name": "gcloud_auth_service_account_key_file_destroy",
      "each": "list",
      "provider": "provider.null",
      "instances": []
    },
    {
      "module": "module.gke_cluster.module.gcloud_wait_for_cluster",
      "mode": "managed",
      "type": "null_resource",
      "name": "gcloud_auth_service_account_key_file_destroy",
      "each": "list",
      "provider": "provider.null",
      "instances": []
    },
    {
      "module": "module.gke_cluster.module.gcloud_delete_default_kube_dns_configmap",
      "mode": "managed",
      "type": "null_resource",
      "name": "prepare_cache",
      "each": "list",
      "provider": "provider.null",
      "instances": []
    },
    {
      "module": "module.gke_cluster.module.gcloud_wait_for_cluster",
      "mode": "managed",
      "type": "null_resource",
      "name": "prepare_cache",
      "each": "list",
      "provider": "provider.null",
      "instances": []
    },
    {
      "module": "module.gke_cluster.module.gcloud_delete_default_kube_dns_configmap",
      "mode": "managed",
      "type": "null_resource",
      "name": "run_command",
      "each": "list",
      "provider": "provider.null",
      "instances": []
    },
    {
      "module": "module.gke_cluster.module.gcloud_wait_for_cluster",
      "mode": "managed",
      "type": "null_resource",
      "name": "run_command",
      "each": "list",
      "provider": "provider.null",
      "instances": []
    },
    {
      "module": "module.gke_cluster.module.gcloud_delete_default_kube_dns_configmap",
      "mode": "managed",
      "type": "null_resource",
      "name": "upgrade",
      "each": "list",
      "provider": "provider.null",
      "instances": []
    },
    {
      "module": "module.gke_cluster.module.gcloud_wait_for_cluster",
      "mode": "managed",
      "type": "null_resource",
      "name": "upgrade",
      "each": "list",
      "provider": "provider.null",
      "instances": []
    },
    {
      "module": "module.gke_cluster.module.gcloud_delete_default_kube_dns_configmap",
      "mode": "managed",
      "type": "null_resource",
      "name": "upgrade_destroy",
      "each": "list",
      "provider": "provider.null",
      "instances": []
    },
    {
      "module": "module.gke_cluster.module.gcloud_wait_for_cluster",
      "mode": "managed",
      "type": "null_resource",
      "name": "upgrade_destroy",
      "each": "list",
      "provider": "provider.null",
      "instances": []
    },
    {
      "module": "module.gke_cluster.module.gcloud_delete_default_kube_dns_configmap",
      "mode": "managed",
      "type": "random_id",
      "name": "cache",
      "provider": "provider.random",
      "instances": [
        {
          "schema_version": 0,
          "attributes": {
            "b64_std": "dBQNhw==",
            "b64_url": "dBQNhw",
            "byte_length": 4,
            "dec": "1947471239",
            "hex": "74140d87",
            "id": "dBQNhw",
            "keepers": null,
            "prefix": null
          },
          "private": "bnVsbA=="
        }
      ]
    },
    {
      "module": "module.gke_cluster.module.gcloud_wait_for_cluster",
      "mode": "managed",
      "type": "random_id",
      "name": "cache",
      "provider": "provider.random",
      "instances": [
        {
          "schema_version": 0,
          "attributes": {
            "b64_std": "GgJ2eQ==",
            "b64_url": "GgJ2eQ",
            "byte_length": 4,
            "dec": "436369017",
            "hex": "1a027679",
            "id": "GgJ2eQ",
            "keepers": null,
            "prefix": null
          },
          "private": "bnVsbA=="
        }
      ]
    },
    {
      "module": "module.gke_cluster",
      "mode": "managed",
      "type": "random_shuffle",
      "name": "available_zones",
      "provider": "provider.random",
      "instances": [
        {
          "schema_version": 0,
          "attributes": {
            "id": "-",
            "input": [
              "us-west2-a",
              "us-west2-b",
              "us-west2-c"
            ],
            "keepers": null,
            "result": [
              "us-west2-a",
              "us-west2-c",
              "us-west2-b"
            ],
            "result_count": 3,
            "seed": null
          },
          "private": "bnVsbA=="
        }
      ]
    },
    {
      "module": "module.gke_cluster",
      "mode": "managed",
      "type": "random_string",
      "name": "cluster_service_account_suffix",
      "provider": "provider.random",
      "instances": [
        {
          "schema_version": 1,
          "attributes": {
            "id": "ephm",
            "keepers": null,
            "length": 4,
            "lower": true,
            "min_lower": 0,
            "min_numeric": 0,
            "min_special": 0,
            "min_upper": 0,
            "number": true,
            "override_special": null,
            "result": "ephm",
            "special": false,
            "upper": false
          },
          "private": "eyJzY2hlbWFfdmVyc2lvbiI6IjEifQ=="
        }
      ]
    }
  ]
}
